dependencies:
- name: insight-api-gateway
  repository: file://../../src/backend/services/api-gateway/helm
  version: 0.1.0
- name: insight-analytics
  repository: file://../../src/backend/services/analytics/helm
  version: 0.2.0
- name: insight-identity
  repository: file://../../src/backend/services/identity/helm
  version: 0.1.0
- name: insight-frontend
  repository: file://../../src/frontend/helm
  version: 0.1.0
digest: sha256:fe702b3761feeb33328e51945c6f0a6f8c293250b53317e31349b45a4cdf89f3
generated: "2026-07-03T10:49:33.322019+02:00"
